
Microsoft Visual Studio Solution File, Format Version 12.00
# Visual Studio 14
VisualStudioVersion = 14.0.23107.0
MinimumVisualStudioVersion = 10.0.40219.1
Project("{FAE04EC0-301F-11D3-BF4B-00C04F79EFBC}") = "InventoryLink2", "InventoryLink2\InventoryLink2.csproj", "{A8B5DFD5-1158-4D97-822C-4CB2F2C3380B}"
EndProject
Project("{FAE04EC0-301F-11D3-BF4B-00C04F79EFBC}") = "InventoryLink2.Tests", "InventoryLink2.Tests\InventoryLink2.Tests.csproj", "{5B3ECB31-1DD4-400E-B3BC-CE4B11584011}"
EndProject
Global
	GlobalSection(SolutionConfigurationPlatforms) = preSolution
		Debug|Any CPU = Debug|Any CPU
		Release|Any CPU = Release|Any CPU
	EndGlobalSection
	GlobalSection(ProjectConfigurationPlatforms) = postSolution
		{A8B5DFD5-1158-4D97-822C-4CB2F2C3380B}.Debug|Any CPU.ActiveCfg = Debug|Any CPU
		{A8B5DFD5-1158-4D97-822C-4CB2F2C3380B}.Debug|Any CPU.Build.0 = Debug|Any CPU
		{A8B5DFD5-1158-4D97-822C-4CB2F2C3380B}.Release|Any CPU.ActiveCfg = Release|Any CPU
		{A8B5DFD5-1158-4D97-822C-4CB2F2C3380B}.Release|Any CPU.Build.0 = Release|Any CPU
		{5B3ECB31-1DD4-400E-B3BC-CE4B11584011}.Debug|Any CPU.ActiveCfg = Debug|Any CPU
		{5B3ECB31-1DD4-400E-B3BC-CE4B11584011}.Debug|Any CPU.Build.0 = Debug|Any CPU
		{5B3ECB31-1DD4-400E-B3BC-CE4B11584011}.Release|Any CPU.ActiveCfg = Release|Any CPU
		{5B3ECB31-1DD4-400E-B3BC-CE4B11584011}.Release|Any CPU.Build.0 = Release|Any CPU
	EndGlobalSection
	GlobalSection(SolutionProperties) = preSolution
		HideSolutionNode = FALSE
	EndGlobalSection
EndGlobal
